// !$*UTF8*$!
{
	archiveVersion = 1;
	classes = {
	};
	objectVersion = 77;
	objects = {

/* Begin PBXBuildFile section */
		171BE0D72DD73D4C00576B9D /* FirebaseAuth in Frameworks */ = {isa = PBXBuildFile; productRef = 171BE0D62DD73D4C00576B9D /* FirebaseAuth */; };
		171BE0D92DD73D4C00576B9D /* FirebaseCore in Frameworks */ = {isa = PBXBuildFile; productRef = 171BE0D82DD73D4C00576B9D /* FirebaseCore */; };
		171BE0DB2DD73D4C00576B9D /* FirebaseDatabase in Frameworks */ = {isa = PBXBuildFile; productRef = 171BE0DA2DD73D4C00576B9D /* FirebaseDatabase */; };
		171BE0DD2DD73D4C00576B9D /* FirebaseFirestore in Frameworks */ = {isa = PBXBuildFile; productRef = 171BE0DC2DD73D4C00576B9D /* FirebaseFirestore */; };
		171BE0DF2DD73D4C00576B9D /* FirebaseFirestoreCombine-Community in Frameworks */ = {isa = PBXBuildFile; productRef = 171BE0DE2DD73D4C00576B9D /* FirebaseFirestoreCombine-Community */; };
		17A88A2C2DD63E0F001323A0 /* Auth in Frameworks */ = {isa = PBXBuildFile; productRef = 17A88A2B2DD63E0F001323A0 /* Auth */; };
		17A88A2E2DD63E0F001323A0 /* Functions in Frameworks */ = {isa = PBXBuildFile; productRef = 17A88A2D2DD63E0F001323A0 /* Functions */; };
		17A88A302DD63E0F001323A0 /* PostgREST in Frameworks */ = {isa = PBXBuildFile; productRef = 17A88A2F2DD63E0F001323A0 /* PostgREST */; };
		17A88A322DD63E0F001323A0 /* Realtime in Frameworks */ = {isa = PBXBuildFile; productRef = 17A88A312DD63E0F001323A0 /* Realtime */; };
		17A88A342DD63E0F001323A0 /* Storage in Frameworks */ = {isa = PBXBuildFile; productRef = 17A88A332DD63E0F001323A0 /* Storage */; };
		17A88A362DD63E0F001323A0 /* Supabase in Frameworks */ = {isa = PBXBuildFile; productRef = 17A88A352DD63E0F001323A0 /* Supabase */; };
/* End PBXBuildFile section */

/* Begin PBXFileReference section */
		176F66882DCDF64B0011B3B2 /* Bufflo-OrderSystem.app */ = {isa = PBXFileReference; explicitFileType = wrapper.application; includeInIndex = 0; path = "Bufflo-OrderSystem.app"; sourceTree = BUILT_PRODUCTS_DIR; };
/* End PBXFileReference section */

/* Begin PBXFileSystemSynchronizedRootGroup section */
		176F668A2DCDF64B0011B3B2 /* Bufflo-OrderSystem */ = {
			isa = PBXFileSystemSynchronizedRootGroup;
			path = "Bufflo-OrderSystem";
			sourceTree = "<group>";
		};
/* End PBXFileSystemSynchronizedRootGroup section */

/* Begin PBXFrameworksBuildPhase section */
		176F66852DCDF64B0011B3B2 /* Frameworks */ = {
			isa = PBXFrameworksBuildPhase;
			buildActionMask = 2147483647;
			files = (
				17A88A302DD63E0F001323A0 /* PostgREST in Frameworks */,
				17A88A2E2DD63E0F001323A0 /* Functions in Frameworks */,
				17A88A362DD63E0F001323A0 /* Supabase in Frameworks */,
				171BE0DD2DD73D4C00576B9D /* FirebaseFirestore in Frameworks */,
				17A88A2C2DD63E0F001323A0 /* Auth in Frameworks */,
				171BE0DF2DD73D4C00576B9D /* FirebaseFirestoreCombine-Community in Frameworks */,
				17A88A342DD63E0F001323A0 /* Storage in Frameworks */,
				171BE0D72DD73D4C00576B9D /* FirebaseAuth in Frameworks */,
				171BE0DB2DD73D4C00576B9D /* FirebaseDatabase in Frameworks */,
				171BE0D92DD73D4C00576B9D /* FirebaseCore in Frameworks */,
				17A88A322DD63E0F001323A0 /* Realtime in Frameworks */,
			);
			runOnlyForDeploymentPostprocessing = 0;
		};
/* End PBXFrameworksBuildPhase section */

/* Begin PBXGroup section */
		176F667F2DCDF64B0011B3B2 = {
			isa = PBXGroup;
			children = (
				176F668A2DCDF64B0011B3B2 /* Bufflo-OrderSystem */,
				176F66892DCDF64B0011B3B2 /* Products */,
			);
			sourceTree = "<group>";
		};
		176F66892DCDF64B0011B3B2 /* Products */ = {
			isa = PBXGroup;
			children = (
				176F66882DCDF64B0011B3B2 /* Bufflo-OrderSystem.app */,
			);
			name = Products;
			sourceTree = "<group>";
		};
/* End PBXGroup section */

/* Begin PBXNativeTarget section */
		176F66872DCDF64B0011B3B2 /* Bufflo-OrderSystem */ = {
			isa = PBXNativeTarget;
			buildConfigurationList = 176F66982DCDF64D0011B3B2 /* Build configuration list for PBXNativeTarget "Bufflo-OrderSystem" */;
			buildPhases = (
				176F66842DCDF64B0011B3B2 /* Sources */,
				176F66852DCDF64B0011B3B2 /* Frameworks */,
				176F66862DCDF64B0011B3B2 /* Resources */,
			);
			buildRules = (
			);
			dependencies = (
			);
			fileSystemSynchronizedGroups = (
				176F668A2DCDF64B0011B3B2 /* Bufflo-OrderSystem */,
			);
			name = "Bufflo-OrderSystem";
			packageProductDependencies = (
				17A88A2B2DD63E0F001323A0 /* Auth */,
				17A88A2D2DD63E0F001323A0 /* Functions */,
				17A88A2F2DD63E0F001323A0 /* PostgREST */,
				17A88A312DD63E0F001323A0 /* Realtime */,
				17A88A332DD63E0F001323A0 /* Storage */,
				17A88A352DD63E0F001323A0 /* Supabase */,
				171BE0D62DD73D4C00576B9D /* FirebaseAuth */,
				171BE0D82DD73D4C00576B9D /* FirebaseCore */,
				171BE0DA2DD73D4C00576B9D /* FirebaseDatabase */,
				171BE0DC2DD73D4C00576B9D /* FirebaseFirestore */,
				171BE0DE2DD73D4C00576B9D /* FirebaseFirestoreCombine-Community */,
			);
			productName = "Bufflo-OrderSystem";
			productReference = 176F66882DCDF64B0011B3B2 /* Bufflo-OrderSystem.app */;
			productType = "com.apple.product-type.application";
		};
/* End PBXNativeTarget section */

/* Begin PBXProject section */
		176F66802DCDF64B0011B3B2 /* Project object */ = {
			isa = PBXProject;
			attributes = {
				BuildIndependentTargetsInParallel = 1;
				LastSwiftUpdateCheck = 1620;
				LastUpgradeCheck = 1620;
				TargetAttributes = {
					176F66872DCDF64B0011B3B2 = {
						CreatedOnToolsVersion = 16.2;
					};
				};
			};
			buildConfigurationList = 176F66832DCDF64B0011B3B2 /* Build configuration list for PBXProject "Bufflo-OrderSystem" */;
			developmentRegion = en;
			hasScannedForEncodings = 0;
			knownRegions = (
				en,
				Base,
			);
			mainGroup = 176F667F2DCDF64B0011B3B2;
			minimizedProjectReferenceProxies = 1;
			packageReferences = (
				17A88A2A2DD63E0E001323A0 /* XCRemoteSwiftPackageReference "supabase-swift" */,
				171BE0D52DD73D4C00576B9D /* XCRemoteSwiftPackageReference "firebase-ios-sdk" */,
			);
			preferredProjectObjectVersion = 77;
			productRefGroup = 176F66892DCDF64B0011B3B2 /* Products */;
			projectDirPath = "";
			projectRoot = "";
			targets = (
				176F66872DCDF64B0011B3B2 /* Bufflo-OrderSystem */,
			);
		};
/* End PBXProject section */

/* Begin PBXResourcesBuildPhase section */
		176F66862DCDF64B0011B3B2 /* Resources */ = {
			isa = PBXResourcesBuildPhase;
			buildActionMask = 2147483647;
			files = (
			);
			runOnlyForDeploymentPostprocessing = 0;
		};
/* End PBXResourcesBuildPhase section */

/* Begin PBXSourcesBuildPhase section */
		176F66842DCDF64B0011B3B2 /* Sources */ = {
			isa = PBXSourcesBuildPhase;
			buildActionMask = 2147483647;
			files = (
			);
			runOnlyForDeploymentPostprocessing = 0;
		};
/* End PBXSourcesBuildPhase section */

/* Begin XCBuildConfiguration section */
		176F66962DCDF64D0011B3B2 /* Debug */ = {
			isa = XCBuildConfiguration;
			buildSettings = {
				ALWAYS_SEARCH_USER_PATHS = NO;
				ASSETCATALOG_COMPILER_GENERATE_SWIFT_ASSET_SYMBOL_EXTENSIONS = YES;
				CLANG_ANALYZER_NONNULL = YES;
				CLANG_ANALYZER_NUMBER_OBJECT_CONVERSION = YES_AGGRESSIVE;
				CLANG_CXX_LANGUAGE_STANDARD = "gnu++20";
				CLANG_ENABLE_MODULES = YES;
				CLANG_ENABLE_OBJC_ARC = YES;
				CLANG_ENABLE_OBJC_WEAK = YES;
				CLANG_WARN_BLOCK_CAPTURE_AUTORELEASING = YES;
				CLANG_WARN_BOOL_CONVERSION = YES;
				CLANG_WARN_COMMA = YES;
				CLANG_WARN_CONSTANT_CONVERSION = YES;
				CLANG_WARN_DEPRECATED_OBJC_IMPLEMENTATIONS = YES;
				CLANG_WARN_DIRECT_OBJC_ISA_USAGE = YES_ERROR;
				CLANG_WARN_DOCUMENTATION_COMMENTS = YES;
				CLANG_WARN_EMPTY_BODY = YES;
				CLANG_WARN_ENUM_CONVERSION = YES;
				CLANG_WARN_INFINITE_RECURSION = YES;
				CLANG_WARN_INT_CONVERSION = YES;
				CLANG_WARN_NON_LITERAL_NULL_CONVERSION = YES;
				CLANG_WARN_OBJC_IMPLICIT_RETAIN_SELF = YES;
				CLANG_WARN_OBJC_LITERAL_CONVERSION = YES;
				CLANG_WARN_OBJC_ROOT_CLASS = YES_ERROR;
				CLANG_WARN_QUOTED_INCLUDE_IN_FRAMEWORK_HEADER = YES;
				CLANG_WARN_RANGE_LOOP_ANALYSIS = YES;
				CLANG_WARN_STRICT_PROTOTYPES = YES;
				CLANG_WARN_SUSPICIOUS_MOVE = YES;
				CLANG_WARN_UNGUARDED_AVAILABILITY = YES_AGGRESSIVE;
				CLANG_WARN_UNREACHABLE_CODE = YES;
				CLANG_WARN__DUPLICATE_METHOD_MATCH = YES;
				COPY_PHASE_STRIP = NO;
				DEBUG_INFORMATION_FORMAT = dwarf;
				ENABLE_STRICT_OBJC_MSGSEND = YES;
				ENABLE_TESTABILITY = YES;
				ENABLE_USER_SCRIPT_SANDBOXING = YES;
				GCC_C_LANGUAGE_STANDARD = gnu17;
				GCC_DYNAMIC_NO_PIC = NO;
				GCC_NO_COMMON_BLOCKS = YES;
				GCC_OPTIMIZATION_LEVEL = 0;
				GCC_PREPROCESSOR_DEFINITIONS = (
					"DEBUG=1",
					"$(inherited)",
				);
				GCC_WARN_64_TO_32_BIT_CONVERSION = YES;
				GCC_WARN_ABOUT_RETURN_TYPE = YES_ERROR;
				GCC_WARN_UNDECLARED_SELECTOR = YES;
				GCC_WARN_UNINITIALIZED_AUTOS = YES_AGGRESSIVE;
				GCC_WARN_UNUSED_FUNCTION = YES;
				GCC_WARN_UNUSED_VARIABLE = YES;
				IPHONEOS_DEPLOYMENT_TARGET = 18.2;
				LOCALIZATION_PREFERS_STRING_CATALOGS = YES;
				MTL_ENABLE_DEBUG_INFO = INCLUDE_SOURCE;
				MTL_FAST_MATH = YES;
				ONLY_ACTIVE_ARCH = YES;
				SDKROOT = iphoneos;
				SWIFT_ACTIVE_COMPILATION_CONDITIONS = "DEBUG $(inherited)";
				SWIFT_OPTIMIZATION_LEVEL = "-Onone";
			};
			name = Debug;
		};
		176F66972DCDF64D0011B3B2 /* Release */ = {
			isa = XCBuildConfiguration;
			buildSettings = {
				ALWAYS_SEARCH_USER_PATHS = NO;
				ASSETCATALOG_COMPILER_GENERATE_SWIFT_ASSET_SYMBOL_EXTENSIONS = YES;
				CLANG_ANALYZER_NONNULL = YES;
				CLANG_ANALYZER_NUMBER_OBJECT_CONVERSION = YES_AGGRESSIVE;
				CLANG_CXX_LANGUAGE_STANDARD = "gnu++20";
				CLANG_ENABLE_MODULES = YES;
				CLANG_ENABLE_OBJC_ARC = YES;
				CLANG_ENABLE_OBJC_WEAK = YES;
				CLANG_WARN_BLOCK_CAPTURE_AUTORELEASING = YES;
				CLANG_WARN_BOOL_CONVERSION = YES;
				CLANG_WARN_COMMA = YES;
				CLANG_WARN_CONSTANT_CONVERSION = YES;
				CLANG_WARN_DEPRECATED_OBJC_IMPLEMENTATIONS = YES;
				CLANG_WARN_DIRECT_OBJC_ISA_USAGE = YES_ERROR;
				CLANG_WARN_DOCUMENTATION_COMMENTS = YES;
				CLANG_WARN_EMPTY_BODY = YES;
				CLANG_WARN_ENUM_CONVERSION = YES;
				CLANG_WARN_INFINITE_RECURSION = YES;
				CLANG_WARN_INT_CONVERSION = YES;
				CLANG_WARN_NON_LITERAL_NULL_CONVERSION = YES;
				CLANG_WARN_OBJC_IMPLICIT_RETAIN_SELF = YES;
				CLANG_WARN_OBJC_LITERAL_CONVERSION = YES;
				CLANG_WARN_OBJC_ROOT_CLASS = YES_ERROR;
				CLANG_WARN_QUOTED_INCLUDE_IN_FRAMEWORK_HEADER = YES;
				CLANG_WARN_RANGE_LOOP_ANALYSIS = YES;
				CLANG_WARN_STRICT_PROTOTYPES = YES;
				CLANG_WARN_SUSPICIOUS_MOVE = YES;
				CLANG_WARN_UNGUARDED_AVAILABILITY = YES_AGGRESSIVE;
				CLANG_WARN_UNREACHABLE_CODE = YES;
				CLANG_WARN__DUPLICATE_METHOD_MATCH = YES;
				COPY_PHASE_STRIP = NO;
				DEBUG_INFORMATION_FORMAT = "dwarf-with-dsym";
				ENABLE_NS_ASSERTIONS = NO;
				ENABLE_STRICT_OBJC_MSGSEND = YES;
				ENABLE_USER_SCRIPT_SANDBOXING = YES;
				GCC_C_LANGUAGE_STANDARD = gnu17;
				GCC_NO_COMMON_BLOCKS = YES;
				GCC_WARN_64_TO_32_BIT_CONVERSION = YES;
				GCC_WARN_ABOUT_RETURN_TYPE = YES_ERROR;
				GCC_WARN_UNDECLARED_SELECTOR = YES;
				GCC_WARN_UNINITIALIZED_AUTOS = YES_AGGRESSIVE;
				GCC_WARN_UNUSED_FUNCTION = YES;
				GCC_WARN_UNUSED_VARIABLE = YES;
				IPHONEOS_DEPLOYMENT_TARGET = 18.2;
				LOCALIZATION_PREFERS_STRING_CATALOGS = YES;
				MTL_ENABLE_DEBUG_INFO = NO;
				MTL_FAST_MATH = YES;
				SDKROOT = iphoneos;
				SWIFT_COMPILATION_MODE = wholemodule;
				VALIDATE_PRODUCT = YES;
			};
			name = Release;
		};
		176F66992DCDF64D0011B3B2 /* Debug */ = {
			isa = XCBuildConfiguration;
			buildSettings = {
				ASSETCATALOG_COMPILER_APPICON_NAME = AppIcon;
				ASSETCATALOG_COMPILER_GLOBAL_ACCENT_COLOR_NAME = AccentColor;
				CODE_SIGN_STYLE = Automatic;
				CURRENT_PROJECT_VERSION = 1;
				DEVELOPMENT_ASSET_PATHS = "\"Bufflo-OrderSystem/Preview Content\"";
				DEVELOPMENT_TEAM = SUKD57NHUV;
				ENABLE_PREVIEWS = YES;
				GENERATE_INFOPLIST_FILE = YES;
				INFOPLIST_KEY_UIApplicationSceneManifest_Generation = YES;
				INFOPLIST_KEY_UIApplicationSupportsIndirectInputEvents = YES;
				INFOPLIST_KEY_UILaunchScreen_Generation = YES;
				INFOPLIST_KEY_UISupportedInterfaceOrientations_iPad = "UIInterfaceOrientationPortrait UIInterfaceOrientationPortraitUpsideDown UIInterfaceOrientationLandscapeLeft UIInterfaceOrientationLandscapeRight";
				INFOPLIST_KEY_UISupportedInterfaceOrientations_iPhone = "UIInterfaceOrientationPortrait UIInterfaceOrientationLandscapeLeft UIInterfaceOrientationLandscapeRight";
				LD_RUNPATH_SEARCH_PATHS = (
					"$(inherited)",
					"@executable_path/Frameworks",
				);
				MARKETING_VERSION = 1.0;
				PRODUCT_BUNDLE_IDENTIFIER = "learning.Bufflo-OrderSystem";
				PRODUCT_NAME = "$(TARGET_NAME)";
				SWIFT_EMIT_LOC_STRINGS = YES;
				SWIFT_VERSION = 5.0;
				TARGETED_DEVICE_FAMILY = "1,2";
			};
			name = Debug;
		};
		176F669A2DCDF64D0011B3B2 /* Release */ = {
			isa = XCBuildConfiguration;
			buildSettings = {
				ASSETCATALOG_COMPILER_APPICON_NAME = AppIcon;
				ASSETCATALOG_COMPILER_GLOBAL_ACCENT_COLOR_NAME = AccentColor;
				CODE_SIGN_STYLE = Automatic;
				CURRENT_PROJECT_VERSION = 1;
				DEVELOPMENT_ASSET_PATHS = "\"Bufflo-OrderSystem/Preview Content\"";
				DEVELOPMENT_TEAM = SUKD57NHUV;
				ENABLE_PREVIEWS = YES;
				GENERATE_INFOPLIST_FILE = YES;
				INFOPLIST_KEY_UIApplicationSceneManifest_Generation = YES;
				INFOPLIST_KEY_UIApplicationSupportsIndirectInputEvents = YES;
				INFOPLIST_KEY_UILaunchScreen_Generation = YES;
				INFOPLIST_KEY_UISupportedInterfaceOrientations_iPad = "UIInterfaceOrientationPortrait UIInterfaceOrientationPortraitUpsideDown UIInterfaceOrientationLandscapeLeft UIInterfaceOrientationLandscapeRight";
				INFOPLIST_KEY_UISupportedInterfaceOrientations_iPhone = "UIInterfaceOrientationPortrait UIInterfaceOrientationLandscapeLeft UIInterfaceOrientationLandscapeRight";
				LD_RUNPATH_SEARCH_PATHS = (
					"$(inherited)",
					"@executable_path/Frameworks",
				);
				MARKETING_VERSION = 1.0;
				PRODUCT_BUNDLE_IDENTIFIER = "learning.Bufflo-OrderSystem";
				PRODUCT_NAME = "$(TARGET_NAME)";
				SWIFT_EMIT_LOC_STRINGS = YES;
				SWIFT_VERSION = 5.0;
				TARGETED_DEVICE_FAMILY = "1,2";
			};
			name = Release;
		};
/* End XCBuildConfiguration section */

/* Begin XCConfigurationList section */
		176F66832DCDF64B0011B3B2 /* Build configuration list for PBXProject "Bufflo-OrderSystem" */ = {
			isa = XCConfigurationList;
			buildConfigurations = (
				176F66962DCDF64D0011B3B2 /* Debug */,
				176F66972DCDF64D0011B3B2 /* Release */,
			);
			defaultConfigurationIsVisible = 0;
			defaultConfigurationName = Release;
		};
		176F66982DCDF64D0011B3B2 /* Build configuration list for PBXNativeTarget "Bufflo-OrderSystem" */ = {
			isa = XCConfigurationList;
			buildConfigurations = (
				176F66992DCDF64D0011B3B2 /* Debug */,
				176F669A2DCDF64D0011B3B2 /* Release */,
			);
			defaultConfigurationIsVisible = 0;
			defaultConfigurationName = Release;
		};
/* End XCConfigurationList section */

/* Begin XCRemoteSwiftPackageReference section */
		171BE0D52DD73D4C00576B9D /* XCRemoteSwiftPackageReference "firebase-ios-sdk" */ = {
			isa = XCRemoteSwiftPackageReference;
			repositoryURL = "https://github.com/firebase/firebase-ios-sdk";
			requirement = {
				kind = upToNextMajorVersion;
				minimumVersion = 11.12.0;
			};
		};
		17A88A2A2DD63E0E001323A0 /* XCRemoteSwiftPackageReference "supabase-swift" */ = {
			isa = XCRemoteSwiftPackageReference;
			repositoryURL = "https://github.com/supabase-community/supabase-swift";
			requirement = {
				kind = upToNextMajorVersion;
				minimumVersion = 2.5.1;
			};
		};
/* End XCRemoteSwiftPackageReference section */

/* Begin XCSwiftPackageProductDependency section */
		171BE0D62DD73D4C00576B9D /* FirebaseAuth */ = {
			isa = XCSwiftPackageProductDependency;
			package = 171BE0D52DD73D4C00576B9D /* XCRemoteSwiftPackageReference "firebase-ios-sdk" */;
			productName = FirebaseAuth;
		};
		171BE0D82DD73D4C00576B9D /* FirebaseCore */ = {
			isa = XCSwiftPackageProductDependency;
			package = 171BE0D52DD73D4C00576B9D /* XCRemoteSwiftPackageReference "firebase-ios-sdk" */;
			productName = FirebaseCore;
		};
		171BE0DA2DD73D4C00576B9D /* FirebaseDatabase */ = {
			isa = XCSwiftPackageProductDependency;
			package = 171BE0D52DD73D4C00576B9D /* XCRemoteSwiftPackageReference "firebase-ios-sdk" */;
			productName = FirebaseDatabase;
		};
		171BE0DC2DD73D4C00576B9D /* FirebaseFirestore */ = {
			isa = XCSwiftPackageProductDependency;
			package = 171BE0D52DD73D4C00576B9D /* XCRemoteSwiftPackageReference "firebase-ios-sdk" */;
			productName = FirebaseFirestore;
		};
		171BE0DE2DD73D4C00576B9D /* FirebaseFirestoreCombine-Community */ = {
			isa = XCSwiftPackageProductDependency;
			package = 171BE0D52DD73D4C00576B9D /* XCRemoteSwiftPackageReference "firebase-ios-sdk" */;
			productName = "FirebaseFirestoreCombine-Community";
		};
		17A88A2B2DD63E0F001323A0 /* Auth */ = {
			isa = XCSwiftPackageProductDependency;
			package = 17A88A2A2DD63E0E001323A0 /* XCRemoteSwiftPackageReference "supabase-swift" */;
			productName = Auth;
		};
		17A88A2D2DD63E0F001323A0 /* Functions */ = {
			isa = XCSwiftPackageProductDependency;
			package = 17A88A2A2DD63E0E001323A0 /* XCRemoteSwiftPackageReference "supabase-swift" */;
			productName = Functions;
		};
		17A88A2F2DD63E0F001323A0 /* PostgREST */ = {
			isa = XCSwiftPackageProductDependency;
			package = 17A88A2A2DD63E0E001323A0 /* XCRemoteSwiftPackageReference "supabase-swift" */;
			productName = PostgREST;
		};
		17A88A312DD63E0F001323A0 /* Realtime */ = {
			isa = XCSwiftPackageProductDependency;
			package = 17A88A2A2DD63E0E001323A0 /* XCRemoteSwiftPackageReference "supabase-swift" */;
			productName = Realtime;
		};
		17A88A332DD63E0F001323A0 /* Storage */ = {
			isa = XCSwiftPackageProductDependency;
			package = 17A88A2A2DD63E0E001323A0 /* XCRemoteSwiftPackageReference "supabase-swift" */;
			productName = Storage;
		};
		17A88A352DD63E0F001323A0 /* Supabase */ = {
			isa = XCSwiftPackageProductDependency;
			package = 17A88A2A2DD63E0E001323A0 /* XCRemoteSwiftPackageReference "supabase-swift" */;
			productName = Supabase;
		};
/* End XCSwiftPackageProductDependency section */
	};
	rootObject = 176F66802DCDF64B0011B3B2 /* Project object */;
}
